
Microsoft Visual Studio Solution File, Format Version 12.00
# Visual Studio 14
VisualStudioVersion = 14.0.25123.0
MinimumVisualStudioVersion = 10.0.40219.1
Project("{FAE04EC0-301F-11D3-BF4B-00C04F79EFBC}") = "TRS_06_28_2016_ESH_YMCUSTOMER", "TRS_06_28_2016_ESH_YMCUSTOMER\TRS_06_28_2016_ESH_YMCUSTOMER.csproj", "{2D135231-1787-4660-ADB7-CBC597493A0C}"
EndProject
Project("{FAE04EC0-301F-11D3-BF4B-00C04F79EFBC}") = "ESH_YMCUSTOMER.Data", "ESH_YMCUSTOMER.Data\ESH_YMCUSTOMER.Data.csproj", "{CF76D5FA-E40C-4249-97B8-440AB7C3F252}"
EndProject
Global
	GlobalSection(SolutionConfigurationPlatforms) = preSolution
		Debug|Any CPU = Debug|Any CPU
		Release|Any CPU = Release|Any CPU
	EndGlobalSection
	GlobalSection(ProjectConfigurationPlatforms) = postSolution
		{2D135231-1787-4660-ADB7-CBC597493A0C}.Debug|Any CPU.ActiveCfg = Debug|Any CPU
		{2D135231-1787-4660-ADB7-CBC597493A0C}.Debug|Any CPU.Build.0 = Debug|Any CPU
		{2D135231-1787-4660-ADB7-CBC597493A0C}.Release|Any CPU.ActiveCfg = Release|Any CPU
		{2D135231-1787-4660-ADB7-CBC597493A0C}.Release|Any CPU.Build.0 = Release|Any CPU
		{CF76D5FA-E40C-4249-97B8-440AB7C3F252}.Debug|Any CPU.ActiveCfg = Debug|Any CPU
		{CF76D5FA-E40C-4249-97B8-440AB7C3F252}.Debug|Any CPU.Build.0 = Debug|Any CPU
		{CF76D5FA-E40C-4249-97B8-440AB7C3F252}.Release|Any CPU.ActiveCfg = Release|Any CPU
		{CF76D5FA-E40C-4249-97B8-440AB7C3F252}.Release|Any CPU.Build.0 = Release|Any CPU
	EndGlobalSection
	GlobalSection(SolutionProperties) = preSolution
		HideSolutionNode = FALSE
	EndGlobalSection
	GlobalSection(TeamFoundationVersionControl) = preSolution
		SccNumberOfProjects = 3
		SccEnterpriseProvider = {4CA58AB2-18FA-4F8D-95D4-32DDF27D184C}
		SccTeamFoundationServer = http://boctfs01:8080/tfs/oxbow_core_applications
		SccLocalPath0 = .
		SccProjectUniqueName1 = TRS_06_28_2016_ESH_YMCUSTOMER\\TRS_06_28_2016_ESH_YMCUSTOMER.csproj
		SccProjectName1 = TRS_06_28_2016_ESH_YMCUSTOMER
		SccLocalPath1 = TRS_06_28_2016_ESH_YMCUSTOMER
		SccProjectUniqueName2 = ESH_YMCUSTOMER.Data\\ESH_YMCUSTOMER.Data.csproj
		SccProjectName2 = ESH_YMCUSTOMER.Data
		SccLocalPath2 = ESH_YMCUSTOMER.Data
	EndGlobalSection
EndGlobal
